
Microsoft Visual Studio Solution File, Format Version 12.00
# Visual Studio 15
VisualStudioVersion = 15.0.28010.2036
MinimumVisualStudioVersion = 10.0.40219.1
Project("{2150E333-8FDC-42A3-9474-1A3956D46DE8}") = "Solution Items", "Solution Items", "{5F9AE569-5388-46A5-B672-8E796E084970}"
	ProjectSection(SolutionItems) = preProject
		app.js = app.js
		HTML1.html = HTML1.html
	EndProjectSection
EndProject
Global
	GlobalSection(SolutionProperties) = preSolution
		HideSolutionNode = FALSE
	EndGlobalSection
	GlobalSection(ExtensibilityGlobals) = postSolution
		SolutionGuid = {8FA0E00A-9A8A-4883-990D-A600B1C304A4}
	EndGlobalSection
EndGlobal
